
Microsoft Visual Studio Solution File, Format Version 12.00
# Visual Studio Version 17
VisualStudioVersion = 17.11.35327.3
MinimumVisualStudioVersion = 10.0.40219.1
Project("{FAE04EC0-301F-11D3-BF4B-00C04F79EFBC}") = "WPF-Clase01", "WPF-Clase01.csproj", "{07C7DB5E-015C-4A2F-A726-6D5982D1ED54}"
EndProject
Global
	GlobalSection(SolutionConfigurationPlatforms) = preSolution
		Debug|Any CPU = Debug|Any CPU
		Release|Any CPU = Release|Any CPU
	EndGlobalSection
	GlobalSection(ProjectConfigurationPlatforms) = postSolution
		{07C7DB5E-015C-4A2F-A726-6D5982D1ED54}.Debug|Any CPU.ActiveCfg = Debug|Any CPU
		{07C7DB5E-015C-4A2F-A726-6D5982D1ED54}.Debug|Any CPU.Build.0 = Debug|Any CPU
		{07C7DB5E-015C-4A2F-A726-6D5982D1ED54}.Release|Any CPU.ActiveCfg = Release|Any CPU
		{07C7DB5E-015C-4A2F-A726-6D5982D1ED54}.Release|Any CPU.Build.0 = Release|Any CPU
	EndGlobalSection
	GlobalSection(SolutionProperties) = preSolution
		HideSolutionNode = FALSE
	EndGlobalSection
	GlobalSection(ExtensibilityGlobals) = postSolution
		SolutionGuid = {06316044-DC2C-4524-BA9C-935B8B5A0456}
	EndGlobalSection
EndGlobal
